// !$*UTF8*$!
{
	archiveVersion = 1;
	classes = {
	};
	objectVersion = 50;
	objects = {

/* Begin PBXBuildFile section */
		8E39AAE024BE4BEA0042C011 /* GFButton.swift in Sources */ = {isa = PBXBuildFile; fileRef = 8E39AADF24BE4BEA0042C011 /* GFButton.swift */; };
		8E39AAE224BF1FE20042C011 /* GFTextField.swift in Sources */ = {isa = PBXBuildFile; fileRef = 8E39AAE124BF1FE20042C011 /* GFTextField.swift */; };
		8E39AAE424BF54580042C011 /* FollowerListVC.swift in Sources */ = {isa = PBXBuildFile; fileRef = 8E39AAE324BF54580042C011 /* FollowerListVC.swift */; };
		8EE531B124BDF6F4007F4DF5 /* AppDelegate.swift in Sources */ = {isa = PBXBuildFile; fileRef = 8EE531B024BDF6F4007F4DF5 /* AppDelegate.swift */; };
		8EE531B324BDF6F4007F4DF5 /* SceneDelegate.swift in Sources */ = {isa = PBXBuildFile; fileRef = 8EE531B224BDF6F4007F4DF5 /* SceneDelegate.swift */; };
		8EE531BA24BDF6F6007F4DF5 /* Assets.xcassets in Resources */ = {isa = PBXBuildFile; fileRef = 8EE531B924BDF6F6007F4DF5 /* Assets.xcassets */; };
		8EE531BD24BDF6F6007F4DF5 /* LaunchScreen.storyboard in Resources */ = {isa = PBXBuildFile; fileRef = 8EE531BB24BDF6F6007F4DF5 /* LaunchScreen.storyboard */; };
		8EE531C524BE1FFE007F4DF5 /* SearchVC.swift in Sources */ = {isa = PBXBuildFile; fileRef = 8EE531C424BE1FFE007F4DF5 /* SearchVC.swift */; };
		8EE531C724BE2063007F4DF5 /* favoritesListVc.swift in Sources */ = {isa = PBXBuildFile; fileRef = 8EE531C624BE2063007F4DF5 /* favoritesListVc.swift */; };
		8EF75BCB24C1CCC20029468E /* GFTitelLable.swift in Sources */ = {isa = PBXBuildFile; fileRef = 8EF75BCA24C1CCC20029468E /* GFTitelLable.swift */; };
		8EF75BCD24C1D0D10029468E /* GFBodyLable.swift in Sources */ = {isa = PBXBuildFile; fileRef = 8EF75BCC24C1D0D10029468E /* GFBodyLable.swift */; };
		8EF75BCF24C1D3E60029468E /* GFAlartVc.swift in Sources */ = {isa = PBXBuildFile; fileRef = 8EF75BCE24C1D3E60029468E /* GFAlartVc.swift */; };
		8EF75BD124C33C540029468E /* UIViewController+Ext.swift in Sources */ = {isa = PBXBuildFile; fileRef = 8EF75BD024C33C540029468E /* UIViewController+Ext.swift */; };
/* End PBXBuildFile section */

/* Begin PBXFileReference section */
		8E39AADF24BE4BEA0042C011 /* GFButton.swift */ = {isa = PBXFileReference; lastKnownFileType = sourcecode.swift; path = GFButton.swift; sourceTree = "<group>"; };
		8E39AAE124BF1FE20042C011 /* GFTextField.swift */ = {isa = PBXFileReference; lastKnownFileType = sourcecode.swift; path = GFTextField.swift; sourceTree = "<group>"; };
		8E39AAE324BF54580042C011 /* FollowerListVC.swift */ = {isa = PBXFileReference; lastKnownFileType = sourcecode.swift; path = FollowerListVC.swift; sourceTree = "<group>"; };
		8EE531AD24BDF6F4007F4DF5 /* designCode.app */ = {isa = PBXFileReference; explicitFileType = wrapper.application; includeInIndex = 0; path = designCode.app; sourceTree = BUILT_PRODUCTS_DIR; };
		8EE531B024BDF6F4007F4DF5 /* AppDelegate.swift */ = {isa = PBXFileReference; lastKnownFileType = sourcecode.swift; path = AppDelegate.swift; sourceTree = "<group>"; };
		8EE531B224BDF6F4007F4DF5 /* SceneDelegate.swift */ = {isa = PBXFileReference; lastKnownFileType = sourcecode.swift; path = SceneDelegate.swift; sourceTree = "<group>"; };
		8EE531B924BDF6F6007F4DF5 /* Assets.xcassets */ = {isa = PBXFileReference; lastKnownFileType = folder.assetcatalog; path = Assets.xcassets; sourceTree = "<group>"; };
		8EE531BC24BDF6F6007F4DF5 /* Base */ = {isa = PBXFileReference; lastKnownFileType = file.storyboard; name = Base; path = Base.lproj/LaunchScreen.storyboard; sourceTree = "<group>"; };
		8EE531BE24BDF6F6007F4DF5 /* Info.plist */ = {isa = PBXFileReference; lastKnownFileType = text.plist.xml; path = Info.plist; sourceTree = "<group>"; };
		8EE531C424BE1FFE007F4DF5 /* SearchVC.swift */ = {isa = PBXFileReference; lastKnownFileType = sourcecode.swift; path = SearchVC.swift; sourceTree = "<group>"; };
		8EE531C624BE2063007F4DF5 /* favoritesListVc.swift */ = {isa = PBXFileReference; lastKnownFileType = sourcecode.swift; path = favoritesListVc.swift; sourceTree = "<group>"; };
		8EF75BCA24C1CCC20029468E /* GFTitelLable.swift */ = {isa = PBXFileReference; lastKnownFileType = sourcecode.swift; path = GFTitelLable.swift; sourceTree = "<group>"; };
		8EF75BCC24C1D0D10029468E /* GFBodyLable.swift */ = {isa = PBXFileReference; lastKnownFileType = sourcecode.swift; path = GFBodyLable.swift; sourceTree = "<group>"; };
		8EF75BCE24C1D3E60029468E /* GFAlartVc.swift */ = {isa = PBXFileReference; lastKnownFileType = sourcecode.swift; path = GFAlartVc.swift; sourceTree = "<group>"; };
		8EF75BD024C33C540029468E /* UIViewController+Ext.swift */ = {isa = PBXFileReference; lastKnownFileType = sourcecode.swift; path = "UIViewController+Ext.swift"; sourceTree = "<group>"; };
/* End PBXFileReference section */

/* Begin PBXFrameworksBuildPhase section */
		8EE531AA24BDF6F4007F4DF5 /* Frameworks */ = {
			isa = PBXFrameworksBuildPhase;
			buildActionMask = 2147483647;
			files = (
			);
			runOnlyForDeploymentPostprocessing = 0;
		};
/* End PBXFrameworksBuildPhase section */

/* Begin PBXGroup section */
		8EE531A424BDF6F4007F4DF5 = {
			isa = PBXGroup;
			children = (
				8EE531AF24BDF6F4007F4DF5 /* designCode */,
				8EE531AE24BDF6F4007F4DF5 /* Products */,
			);
			sourceTree = "<group>";
		};
		8EE531AE24BDF6F4007F4DF5 /* Products */ = {
			isa = PBXGroup;
			children = (
				8EE531AD24BDF6F4007F4DF5 /* designCode.app */,
			);
			name = Products;
			sourceTree = "<group>";
		};
		8EE531AF24BDF6F4007F4DF5 /* designCode */ = {
			isa = PBXGroup;
			children = (
				8EE531B024BDF6F4007F4DF5 /* AppDelegate.swift */,
				8EE531C624BE2063007F4DF5 /* favoritesListVc.swift */,
				8EE531C424BE1FFE007F4DF5 /* SearchVC.swift */,
				8EE531B224BDF6F4007F4DF5 /* SceneDelegate.swift */,
				8E39AADF24BE4BEA0042C011 /* GFButton.swift */,
				8EE531B924BDF6F6007F4DF5 /* Assets.xcassets */,
				8EE531BB24BDF6F6007F4DF5 /* LaunchScreen.storyboard */,
				8EE531BE24BDF6F6007F4DF5 /* Info.plist */,
				8E39AAE124BF1FE20042C011 /* GFTextField.swift */,
				8E39AAE324BF54580042C011 /* FollowerListVC.swift */,
				8EF75BCA24C1CCC20029468E /* GFTitelLable.swift */,
				8EF75BCC24C1D0D10029468E /* GFBodyLable.swift */,
				8EF75BCE24C1D3E60029468E /* GFAlartVc.swift */,
				8EF75BD024C33C540029468E /* UIViewController+Ext.swift */,
			);
			path = designCode;
			sourceTree = "<group>";
		};
/* End PBXGroup section */

/* Begin PBXNativeTarget section */
		8EE531AC24BDF6F4007F4DF5 /* designCode */ = {
			isa = PBXNativeTarget;
			buildConfigurationList = 8EE531C124BDF6F6007F4DF5 /* Build configuration list for PBXNativeTarget "designCode" */;
			buildPhases = (
				8EE531A924BDF6F4007F4DF5 /* Sources */,
				8EE531AA24BDF6F4007F4DF5 /* Frameworks */,
				8EE531AB24BDF6F4007F4DF5 /* Resources */,
			);
			buildRules = (
			);
			dependencies = (
			);
			name = designCode;
			productName = designCode;
			productReference = 8EE531AD24BDF6F4007F4DF5 /* designCode.app */;
			productType = "com.apple.product-type.application";
		};
/* End PBXNativeTarget section */

/* Begin PBXProject section */
		8EE531A524BDF6F4007F4DF5 /* Project object */ = {
			isa = PBXProject;
			attributes = {
				LastSwiftUpdateCheck = 1150;
				LastUpgradeCheck = 1150;
				ORGANIZATIONNAME = "islam magdy";
				TargetAttributes = {
					8EE531AC24BDF6F4007F4DF5 = {
						CreatedOnToolsVersion = 11.5;
					};
				};
			};
			buildConfigurationList = 8EE531A824BDF6F4007F4DF5 /* Build configuration list for PBXProject "designCode" */;
			compatibilityVersion = "Xcode 9.3";
			developmentRegion = en;
			hasScannedForEncodings = 0;
			knownRegions = (
				en,
				Base,
			);
			mainGroup = 8EE531A424BDF6F4007F4DF5;
			productRefGroup = 8EE531AE24BDF6F4007F4DF5 /* Products */;
			projectDirPath = "";
			projectRoot = "";
			targets = (
				8EE531AC24BDF6F4007F4DF5 /* designCode */,
			);
		};
/* End PBXProject section */

/* Begin PBXResourcesBuildPhase section */
		8EE531AB24BDF6F4007F4DF5 /* Resources */ = {
			isa = PBXResourcesBuildPhase;
			buildActionMask = 2147483647;
			files = (
				8EE531BD24BDF6F6007F4DF5 /* LaunchScreen.storyboard in Resources */,
				8EE531BA24BDF6F6007F4DF5 /* Assets.xcassets in Resources */,
			);
			runOnlyForDeploymentPostprocessing = 0;
		};
/* End PBXResourcesBuildPhase section */

/* Begin PBXSourcesBuildPhase section */
		8EE531A924BDF6F4007F4DF5 /* Sources */ = {
			isa = PBXSourcesBuildPhase;
			buildActionMask = 2147483647;
			files = (
				8E39AAE224BF1FE20042C011 /* GFTextField.swift in Sources */,
				8EF75BCD24C1D0D10029468E /* GFBodyLable.swift in Sources */,
				8EF75BCF24C1D3E60029468E /* GFAlartVc.swift in Sources */,
				8EF75BD124C33C540029468E /* UIViewController+Ext.swift in Sources */,
				8EE531C724BE2063007F4DF5 /* favoritesListVc.swift in Sources */,
				8E39AAE024BE4BEA0042C011 /* GFButton.swift in Sources */,
				8EE531C524BE1FFE007F4DF5 /* SearchVC.swift in Sources */,
				8EF75BCB24C1CCC20029468E /* GFTitelLable.swift in Sources */,
				8E39AAE424BF54580042C011 /* FollowerListVC.swift in Sources */,
				8EE531B124BDF6F4007F4DF5 /* AppDelegate.swift in Sources */,
				8EE531B324BDF6F4007F4DF5 /* SceneDelegate.swift in Sources */,
			);
			runOnlyForDeploymentPostprocessing = 0;
		};
/* End PBXSourcesBuildPhase section */

/* Begin PBXVariantGroup section */
		8EE531BB24BDF6F6007F4DF5 /* LaunchScreen.storyboard */ = {
			isa = PBXVariantGroup;
			children = (
				8EE531BC24BDF6F6007F4DF5 /* Base */,
			);
			name = LaunchScreen.storyboard;
			sourceTree = "<group>";
		};
/* End PBXVariantGroup section */

/* Begin XCBuildConfiguration section */
		8EE531BF24BDF6F6007F4DF5 /* Debug */ = {
			isa = XCBuildConfiguration;
			buildSettings = {
				ALWAYS_SEARCH_USER_PATHS = NO;
				CLANG_ANALYZER_NONNULL = YES;
				CLANG_ANALYZER_NUMBER_OBJECT_CONVERSION = YES_AGGRESSIVE;
				CLANG_CXX_LANGUAGE_STANDARD = "gnu++14";
				CLANG_CXX_LIBRARY = "libc++";
				CLANG_ENABLE_MODULES = YES;
				CLANG_ENABLE_OBJC_ARC = YES;
				CLANG_ENABLE_OBJC_WEAK = YES;
				CLANG_WARN_BLOCK_CAPTURE_AUTORELEASING = YES;
				CLANG_WARN_BOOL_CONVERSION = YES;
				CLANG_WARN_COMMA = YES;
				CLANG_WARN_CONSTANT_CONVERSION = YES;
				CLANG_WARN_DEPRECATED_OBJC_IMPLEMENTATIONS = YES;
				CLANG_WARN_DIRECT_OBJC_ISA_USAGE = YES_ERROR;
				CLANG_WARN_DOCUMENTATION_COMMENTS = YES;
				CLANG_WARN_EMPTY_BODY = YES;
				CLANG_WARN_ENUM_CONVERSION = YES;
				CLANG_WARN_INFINITE_RECURSION = YES;
				CLANG_WARN_INT_CONVERSION = YES;
				CLANG_WARN_NON_LITERAL_NULL_CONVERSION = YES;
				CLANG_WARN_OBJC_IMPLICIT_RETAIN_SELF = YES;
				CLANG_WARN_OBJC_LITERAL_CONVERSION = YES;
				CLANG_WARN_OBJC_ROOT_CLASS = YES_ERROR;
				CLANG_WARN_RANGE_LOOP_ANALYSIS = YES;
				CLANG_WARN_STRICT_PROTOTYPES = YES;
				CLANG_WARN_SUSPICIOUS_MOVE = YES;
				CLANG_WARN_UNGUARDED_AVAILABILITY = YES_AGGRESSIVE;
				CLANG_WARN_UNREACHABLE_CODE = YES;
				CLANG_WARN__DUPLICATE_METHOD_MATCH = YES;
				COPY_PHASE_STRIP = NO;
				DEBUG_INFORMATION_FORMAT = dwarf;
				ENABLE_STRICT_OBJC_MSGSEND = YES;
				ENABLE_TESTABILITY = YES;
				GCC_C_LANGUAGE_STANDARD = gnu11;
				GCC_DYNAMIC_NO_PIC = NO;
				GCC_NO_COMMON_BLOCKS = YES;
				GCC_OPTIMIZATION_LEVEL = 0;
				GCC_PREPROCESSOR_DEFINITIONS = (
					"DEBUG=1",
					"$(inherited)",
				);
				GCC_WARN_64_TO_32_BIT_CONVERSION = YES;
				GCC_WARN_ABOUT_RETURN_TYPE = YES_ERROR;
				GCC_WARN_UNDECLARED_SELECTOR = YES;
				GCC_WARN_UNINITIALIZED_AUTOS = YES_AGGRESSIVE;
				GCC_WARN_UNUSED_FUNCTION = YES;
				GCC_WARN_UNUSED_VARIABLE = YES;
				IPHONEOS_DEPLOYMENT_TARGET = 13.5;
				MTL_ENABLE_DEBUG_INFO = INCLUDE_SOURCE;
				MTL_FAST_MATH = YES;
				ONLY_ACTIVE_ARCH = YES;
				SDKROOT = iphoneos;
				SWIFT_ACTIVE_COMPILATION_CONDITIONS = DEBUG;
				SWIFT_OPTIMIZATION_LEVEL = "-Onone";
			};
			name = Debug;
		};
		8EE531C024BDF6F6007F4DF5 /* Release */ = {
			isa = XCBuildConfiguration;
			buildSettings = {
				ALWAYS_SEARCH_USER_PATHS = NO;
				CLANG_ANALYZER_NONNULL = YES;
				CLANG_ANALYZER_NUMBER_OBJECT_CONVERSION = YES_AGGRESSIVE;
				CLANG_CXX_LANGUAGE_STANDARD = "gnu++14";
				CLANG_CXX_LIBRARY = "libc++";
				CLANG_ENABLE_MODULES = YES;
				CLANG_ENABLE_OBJC_ARC = YES;
				CLANG_ENABLE_OBJC_WEAK = YES;
				CLANG_WARN_BLOCK_CAPTURE_AUTORELEASING = YES;
				CLANG_WARN_BOOL_CONVERSION = YES;
				CLANG_WARN_COMMA = YES;
				CLANG_WARN_CONSTANT_CONVERSION = YES;
				CLANG_WARN_DEPRECATED_OBJC_IMPLEMENTATIONS = YES;
				CLANG_WARN_DIRECT_OBJC_ISA_USAGE = YES_ERROR;
				CLANG_WARN_DOCUMENTATION_COMMENTS = YES;
				CLANG_WARN_EMPTY_BODY = YES;
				CLANG_WARN_ENUM_CONVERSION = YES;
				CLANG_WARN_INFINITE_RECURSION = YES;
				CLANG_WARN_INT_CONVERSION = YES;
				CLANG_WARN_NON_LITERAL_NULL_CONVERSION = YES;
				CLANG_WARN_OBJC_IMPLICIT_RETAIN_SELF = YES;
				CLANG_WARN_OBJC_LITERAL_CONVERSION = YES;
				CLANG_WARN_OBJC_ROOT_CLASS = YES_ERROR;
				CLANG_WARN_RANGE_LOOP_ANALYSIS = YES;
				CLANG_WARN_STRICT_PROTOTYPES = YES;
				CLANG_WARN_SUSPICIOUS_MOVE = YES;
				CLANG_WARN_UNGUARDED_AVAILABILITY = YES_AGGRESSIVE;
				CLANG_WARN_UNREACHABLE_CODE = YES;
				CLANG_WARN__DUPLICATE_METHOD_MATCH = YES;
				COPY_PHASE_STRIP = NO;
				DEBUG_INFORMATION_FORMAT = "dwarf-with-dsym";
				ENABLE_NS_ASSERTIONS = NO;
				ENABLE_STRICT_OBJC_MSGSEND = YES;
				GCC_C_LANGUAGE_STANDARD = gnu11;
				GCC_NO_COMMON_BLOCKS = YES;
				GCC_WARN_64_TO_32_BIT_CONVERSION = YES;
				GCC_WARN_ABOUT_RETURN_TYPE = YES_ERROR;
				GCC_WARN_UNDECLARED_SELECTOR = YES;
				GCC_WARN_UNINITIALIZED_AUTOS = YES_AGGRESSIVE;
				GCC_WARN_UNUSED_FUNCTION = YES;
				GCC_WARN_UNUSED_VARIABLE = YES;
				IPHONEOS_DEPLOYMENT_TARGET = 13.5;
				MTL_ENABLE_DEBUG_INFO = NO;
				MTL_FAST_MATH = YES;
				SDKROOT = iphoneos;
				SWIFT_COMPILATION_MODE = wholemodule;
				SWIFT_OPTIMIZATION_LEVEL = "-O";
				VALIDATE_PRODUCT = YES;
			};
			name = Release;
		};
		8EE531C224BDF6F6007F4DF5 /* Debug */ = {
			isa = XCBuildConfiguration;
			buildSettings = {
				ASSETCATALOG_COMPILER_APPICON_NAME = AppIcon;
				CODE_SIGN_STYLE = Automatic;
				INFOPLIST_FILE = designCode/Info.plist;
				LD_RUNPATH_SEARCH_PATHS = (
					"$(inherited)",
					"@executable_path/Frameworks",
				);
				PRODUCT_BUNDLE_IDENTIFIER = i.designCode;
				PRODUCT_NAME = "$(TARGET_NAME)";
				SWIFT_VERSION = 5.0;
				TARGETED_DEVICE_FAMILY = "1,2";
			};
			name = Debug;
		};
		8EE531C324BDF6F6007F4DF5 /* Release */ = {
			isa = XCBuildConfiguration;
			buildSettings = {
				ASSETCATALOG_COMPILER_APPICON_NAME = AppIcon;
				CODE_SIGN_STYLE = Automatic;
				INFOPLIST_FILE = designCode/Info.plist;
				LD_RUNPATH_SEARCH_PATHS = (
					"$(inherited)",
					"@executable_path/Frameworks",
				);
				PRODUCT_BUNDLE_IDENTIFIER = i.designCode;
				PRODUCT_NAME = "$(TARGET_NAME)";
				SWIFT_VERSION = 5.0;
				TARGETED_DEVICE_FAMILY = "1,2";
			};
			name = Release;
		};
/* End XCBuildConfiguration section */

/* Begin XCConfigurationList section */
		8EE531A824BDF6F4007F4DF5 /* Build configuration list for PBXProject "designCode" */ = {
			isa = XCConfigurationList;
			buildConfigurations = (
				8EE531BF24BDF6F6007F4DF5 /* Debug */,
				8EE531C024BDF6F6007F4DF5 /* Release */,
			);
			defaultConfigurationIsVisible = 0;
			defaultConfigurationName = Release;
		};
		8EE531C124BDF6F6007F4DF5 /* Build configuration list for PBXNativeTarget "designCode" */ = {
			isa = XCConfigurationList;
			buildConfigurations = (
				8EE531C224BDF6F6007F4DF5 /* Debug */,
				8EE531C324BDF6F6007F4DF5 /* Release */,
			);
			defaultConfigurationIsVisible = 0;
			defaultConfigurationName = Release;
		};
/* End XCConfigurationList section */
	};
	rootObject = 8EE531A524BDF6F4007F4DF5 /* Project object */;
}
